{
  "name": "flare-yield-farm",
  "lockfileVersion": 3,
  "requires": true,
  "packages": {
    "": {
      "dependencies": {
        "@flarenetwork/flare-periphery-contracts": "^0.1.38"
      }
    },
    "node_modules/@flarenetwork/flare-periphery-contracts": {
      "version": "0.1.38",
      "resolved": "https://registry.npmjs.org/@flarenetwork/flare-periphery-contracts/-/flare-periphery-contracts-0.1.38.tgz",
      "integrity": "sha512-1rxclU4eKnAMVYFd1swKXmryUI8Y1REODBxDwU3yfOwZzsgIEEPaW5yTw0ocQpC68Tuo1ynFUS354cPJ86sfLg==",
      "license": "MIT",
      "dependencies": {
        "@openzeppelin/contracts": "^4.6.0"
      }
    },
    "node_modules/@openzeppelin/contracts": {
      "version": "4.9.6",
      "resolved": "https://registry.npmjs.org/@openzeppelin/contracts/-/contracts-4.9.6.tgz",
      "integrity": "sha512-xSmezSupL+y9VkHZJGDoCBpmnB2ogM13ccaYDWqJTfS3dbuHkgjuwDFUmaFauBCboQMGB/S5UqUl2y54X99BmA==",
      "license": "MIT"
    }
  }
}
